
Microsoft Visual Studio Solution File, Format Version 12.00
# Visual Studio Version 16
VisualStudioVersion = 16.0.30330.147
MinimumVisualStudioVersion = 10.0.40219.1
Project("{8BC9CEB8-8B4A-11D0-8D11-00A0C91BC942}") = "data-generator", "data-generator.vcxproj", "{7D8A202C-296B-306A-8A4A-DD4060B28734}"
EndProject
Global
	GlobalSection(SolutionConfigurationPlatforms) = preSolution
		Debug|x64 = Debug|x64
		Release|x64 = Release|x64
	EndGlobalSection
	GlobalSection(ProjectConfigurationPlatforms) = postSolution
		{7D8A202C-296B-306A-8A4A-DD4060B28734}.Debug|x64.ActiveCfg = Debug|x64
		{7D8A202C-296B-306A-8A4A-DD4060B28734}.Debug|x64.Build.0 = Debug|x64
		{7D8A202C-296B-306A-8A4A-DD4060B28734}.Release|x64.ActiveCfg = Release|x64
		{7D8A202C-296B-306A-8A4A-DD4060B28734}.Release|x64.Build.0 = Release|x64
	EndGlobalSection
	GlobalSection(SolutionProperties) = preSolution
		HideSolutionNode = FALSE
	EndGlobalSection
	GlobalSection(ExtensibilityGlobals) = postSolution
		SolutionGuid = {0AB339B0-1E7E-4067-BDBB-FEDDFC966245}
	EndGlobalSection
EndGlobal
